// !$*UTF8*$!
{
	archiveVersion = 1;
	classes = {
	};
	objectVersion = 51;
	objects = {

/* Begin PBXBuildFile section */
		99D44C9586CE1E457C11654D /* Pods_Parstagram.framework in Frameworks */ = {isa = PBXBuildFile; fileRef = 20C226C8BA82EF7B52C00C01 /* Pods_Parstagram.framework */; };
		BA339B0726027ADC0008600C /* PostCell.swift in Sources */ = {isa = PBXBuildFile; fileRef = BA339B0626027ADC0008600C /* PostCell.swift */; };
		BA91ECE126014583003A4697 /* CameraViewController.swift in Sources */ = {isa = PBXBuildFile; fileRef = BA91ECE026014583003A4697 /* CameraViewController.swift */; };
		BA9AE25925FFF80A00B0D8BD /* AppDelegate.swift in Sources */ = {isa = PBXBuildFile; fileRef = BA9AE25825FFF80A00B0D8BD /* AppDelegate.swift */; };
		BA9AE25B25FFF80A00B0D8BD /* SceneDelegate.swift in Sources */ = {isa = PBXBuildFile; fileRef = BA9AE25A25FFF80A00B0D8BD /* SceneDelegate.swift */; };
		BA9AE26025FFF80A00B0D8BD /* Main.storyboard in Resources */ = {isa = PBXBuildFile; fileRef = BA9AE25E25FFF80A00B0D8BD /* Main.storyboard */; };
		BA9AE26225FFF80A00B0D8BD /* Assets.xcassets in Resources */ = {isa = PBXBuildFile; fileRef = BA9AE26125FFF80A00B0D8BD /* Assets.xcassets */; };
		BA9AE26525FFF80A00B0D8BD /* LaunchScreen.storyboard in Resources */ = {isa = PBXBuildFile; fileRef = BA9AE26325FFF80A00B0D8BD /* LaunchScreen.storyboard */; };
		BA9AE27025FFF80A00B0D8BD /* ParstagramTests.swift in Sources */ = {isa = PBXBuildFile; fileRef = BA9AE26F25FFF80A00B0D8BD /* ParstagramTests.swift */; };
		BA9AE27B25FFF80A00B0D8BD /* ParstagramUITests.swift in Sources */ = {isa = PBXBuildFile; fileRef = BA9AE27A25FFF80A00B0D8BD /* ParstagramUITests.swift */; };
		BAF995C725FFFC69009DB3D2 /* LoginViewController.swift in Sources */ = {isa = PBXBuildFile; fileRef = BAF995C625FFFC69009DB3D2 /* LoginViewController.swift */; };
		BAF995CC25FFFC73009DB3D2 /* FeedViewController.swift in Sources */ = {isa = PBXBuildFile; fileRef = BAF995CB25FFFC73009DB3D2 /* FeedViewController.swift */; };
		BAFAD18E260BB1E5006BE486 /* CommentCell.swift in Sources */ = {isa = PBXBuildFile; fileRef = BAFAD18D260BB1E5006BE486 /* CommentCell.swift */; };
		D4654468D5F3829A31ED2E14 /* Pods_ParstagramTests.framework in Frameworks */ = {isa = PBXBuildFile; fileRef = 0DBC851273950DAAC671CF58 /* Pods_ParstagramTests.framework */; };
		F4C96289BD898447DAB08E64 /* Pods_Parstagram_ParstagramUITests.framework in Frameworks */ = {isa = PBXBuildFile; fileRef = E9EFADD1F8D3CAFCEFF9D29A /* Pods_Parstagram_ParstagramUITests.framework */; };
/* End PBXBuildFile section */

/* Begin PBXContainerItemProxy section */
		BA9AE26C25FFF80A00B0D8BD /* PBXContainerItemProxy */ = {
			isa = PBXContainerItemProxy;
			containerPortal = BA9AE24D25FFF80A00B0D8BD /* Project object */;
			proxyType = 1;
			remoteGlobalIDString = BA9AE25425FFF80A00B0D8BD;
			remoteInfo = Parstagram;
		};
		BA9AE27725FFF80A00B0D8BD /* PBXContainerItemProxy */ = {
			isa = PBXContainerItemProxy;
			containerPortal = BA9AE24D25FFF80A00B0D8BD /* Project object */;
			proxyType = 1;
			remoteGlobalIDString = BA9AE25425FFF80A00B0D8BD;
			remoteInfo = Parstagram;
		};
/* End PBXContainerItemProxy section */

/* Begin PBXFileReference section */
		0DBC851273950DAAC671CF58 /* Pods_ParstagramTests.framework */ = {isa = PBXFileReference; explicitFileType = wrapper.framework; includeInIndex = 0; path = Pods_ParstagramTests.framework; sourceTree = BUILT_PRODUCTS_DIR; };
		1464E336A7493E203597EC69 /* Pods-Parstagram.release.xcconfig */ = {isa = PBXFileReference; includeInIndex = 1; lastKnownFileType = text.xcconfig; name = "Pods-Parstagram.release.xcconfig"; path = "Target Support Files/Pods-Parstagram/Pods-Parstagram.release.xcconfig"; sourceTree = "<group>"; };
		20C226C8BA82EF7B52C00C01 /* Pods_Parstagram.framework */ = {isa = PBXFileReference; explicitFileType = wrapper.framework; includeInIndex = 0; path = Pods_Parstagram.framework; sourceTree = BUILT_PRODUCTS_DIR; };
		337E04D478C621ECC34CBF06 /* Pods-Parstagram.debug.xcconfig */ = {isa = PBXFileReference; includeInIndex = 1; lastKnownFileType = text.xcconfig; name = "Pods-Parstagram.debug.xcconfig"; path = "Target Support Files/Pods-Parstagram/Pods-Parstagram.debug.xcconfig"; sourceTree = "<group>"; };
		40971F546D73B7133B25218E /* Pods-Parstagram-ParstagramUITests.release.xcconfig */ = {isa = PBXFileReference; includeInIndex = 1; lastKnownFileType = text.xcconfig; name = "Pods-Parstagram-ParstagramUITests.release.xcconfig"; path = "Target Support Files/Pods-Parstagram-ParstagramUITests/Pods-Parstagram-ParstagramUITests.release.xcconfig"; sourceTree = "<group>"; };
		6EF1F839F892A4E987FC0084 /* Pods-ParstagramTests.debug.xcconfig */ = {isa = PBXFileReference; includeInIndex = 1; lastKnownFileType = text.xcconfig; name = "Pods-ParstagramTests.debug.xcconfig"; path = "Target Support Files/Pods-ParstagramTests/Pods-ParstagramTests.debug.xcconfig"; sourceTree = "<group>"; };
		7E005D28C22775297392B20E /* Pods-ParstagramTests.release.xcconfig */ = {isa = PBXFileReference; includeInIndex = 1; lastKnownFileType = text.xcconfig; name = "Pods-ParstagramTests.release.xcconfig"; path = "Target Support Files/Pods-ParstagramTests/Pods-ParstagramTests.release.xcconfig"; sourceTree = "<group>"; };
		BA339B0626027ADC0008600C /* PostCell.swift */ = {isa = PBXFileReference; lastKnownFileType = sourcecode.swift; path = PostCell.swift; sourceTree = "<group>"; };
		BA91ECE026014583003A4697 /* CameraViewController.swift */ = {isa = PBXFileReference; lastKnownFileType = sourcecode.swift; path = CameraViewController.swift; sourceTree = "<group>"; };
		BA9AE25525FFF80A00B0D8BD /* Parstagram.app */ = {isa = PBXFileReference; explicitFileType = wrapper.application; includeInIndex = 0; path = Parstagram.app; sourceTree = BUILT_PRODUCTS_DIR; };
		BA9AE25825FFF80A00B0D8BD /* AppDelegate.swift */ = {isa = PBXFileReference; lastKnownFileType = sourcecode.swift; path = AppDelegate.swift; sourceTree = "<group>"; };
		BA9AE25A25FFF80A00B0D8BD /* SceneDelegate.swift */ = {isa = PBXFileReference; lastKnownFileType = sourcecode.swift; path = SceneDelegate.swift; sourceTree = "<group>"; };
		BA9AE25F25FFF80A00B0D8BD /* Base */ = {isa = PBXFileReference; lastKnownFileType = file.storyboard; name = Base; path = Base.lproj/Main.storyboard; sourceTree = "<group>"; };
		BA9AE26125FFF80A00B0D8BD /* Assets.xcassets */ = {isa = PBXFileReference; lastKnownFileType = folder.assetcatalog; path = Assets.xcassets; sourceTree = "<group>"; };
		BA9AE26425FFF80A00B0D8BD /* Base */ = {isa = PBXFileReference; lastKnownFileType = file.storyboard; name = Base; path = Base.lproj/LaunchScreen.storyboard; sourceTree = "<group>"; };
		BA9AE26625FFF80A00B0D8BD /* Info.plist */ = {isa = PBXFileReference; lastKnownFileType = text.plist.xml; path = Info.plist; sourceTree = "<group>"; };
		BA9AE26B25FFF80A00B0D8BD /* ParstagramTests.xctest */ = {isa = PBXFileReference; explicitFileType = wrapper.cfbundle; includeInIndex = 0; path = ParstagramTests.xctest; sourceTree = BUILT_PRODUCTS_DIR; };
		BA9AE26F25FFF80A00B0D8BD /* ParstagramTests.swift */ = {isa = PBXFileReference; lastKnownFileType = sourcecode.swift; path = ParstagramTests.swift; sourceTree = "<group>"; };
		BA9AE27125FFF80A00B0D8BD /* Info.plist */ = {isa = PBXFileReference; lastKnownFileType = text.plist.xml; path = Info.plist; sourceTree = "<group>"; };
		BA9AE27625FFF80A00B0D8BD /* ParstagramUITests.xctest */ = {isa = PBXFileReference; explicitFileType = wrapper.cfbundle; includeInIndex = 0; path = ParstagramUITests.xctest; sourceTree = BUILT_PRODUCTS_DIR; };
		BA9AE27A25FFF80A00B0D8BD /* ParstagramUITests.swift */ = {isa = PBXFileReference; lastKnownFileType = sourcecode.swift; path = ParstagramUITests.swift; sourceTree = "<group>"; };
		BA9AE27C25FFF80A00B0D8BD /* Info.plist */ = {isa = PBXFileReference; lastKnownFileType = text.plist.xml; path = Info.plist; sourceTree = "<group>"; };
		BAF995C625FFFC69009DB3D2 /* LoginViewController.swift */ = {isa = PBXFileReference; lastKnownFileType = sourcecode.swift; path = LoginViewController.swift; sourceTree = "<group>"; };
		BAF995CB25FFFC73009DB3D2 /* FeedViewController.swift */ = {isa = PBXFileReference; lastKnownFileType = sourcecode.swift; path = FeedViewController.swift; sourceTree = "<group>"; };
		BAFAD18D260BB1E5006BE486 /* CommentCell.swift */ = {isa = PBXFileReference; lastKnownFileType = sourcecode.swift; path = CommentCell.swift; sourceTree = "<group>"; };
		E3D2B1373B7C71DCB04B8204 /* Pods-Parstagram-ParstagramUITests.debug.xcconfig */ = {isa = PBXFileReference; includeInIndex = 1; lastKnownFileType = text.xcconfig; name = "Pods-Parstagram-ParstagramUITests.debug.xcconfig"; path = "Target Support Files/Pods-Parstagram-ParstagramUITests/Pods-Parstagram-ParstagramUITests.debug.xcconfig"; sourceTree = "<group>"; };
		E9EFADD1F8D3CAFCEFF9D29A /* Pods_Parstagram_ParstagramUITests.framework */ = {isa = PBXFileReference; explicitFileType = wrapper.framework; includeInIndex = 0; path = Pods_Parstagram_ParstagramUITests.framework; sourceTree = BUILT_PRODUCTS_DIR; };
/* End PBXFileReference section */

/* Begin PBXFrameworksBuildPhase section */
		BA9AE25225FFF80A00B0D8BD /* Frameworks */ = {
			isa = PBXFrameworksBuildPhase;
			buildActionMask = 2147483647;
			files = (
				99D44C9586CE1E457C11654D /* Pods_Parstagram.framework in Frameworks */,
			);
			runOnlyForDeploymentPostprocessing = 0;
		};
		BA9AE26825FFF80A00B0D8BD /* Frameworks */ = {
			isa = PBXFrameworksBuildPhase;
			buildActionMask = 2147483647;
			files = (
				D4654468D5F3829A31ED2E14 /* Pods_ParstagramTests.framework in Frameworks */,
			);
			runOnlyForDeploymentPostprocessing = 0;
		};
		BA9AE27325FFF80A00B0D8BD /* Frameworks */ = {
			isa = PBXFrameworksBuildPhase;
			buildActionMask = 2147483647;
			files = (
				F4C96289BD898447DAB08E64 /* Pods_Parstagram_ParstagramUITests.framework in Frameworks */,
			);
			runOnlyForDeploymentPostprocessing = 0;
		};
/* End PBXFrameworksBuildPhase section */

/* Begin PBXGroup section */
		0DF5B3704C1664D48AD3A94A /* Frameworks */ = {
			isa = PBXGroup;
			children = (
				20C226C8BA82EF7B52C00C01 /* Pods_Parstagram.framework */,
				E9EFADD1F8D3CAFCEFF9D29A /* Pods_Parstagram_ParstagramUITests.framework */,
				0DBC851273950DAAC671CF58 /* Pods_ParstagramTests.framework */,
			);
			name = Frameworks;
			sourceTree = "<group>";
		};
		BA9AE24C25FFF80A00B0D8BD = {
			isa = PBXGroup;
			children = (
				BA9AE25725FFF80A00B0D8BD /* Parstagram */,
				BA9AE26E25FFF80A00B0D8BD /* ParstagramTests */,
				BA9AE27925FFF80A00B0D8BD /* ParstagramUITests */,
				BA9AE25625FFF80A00B0D8BD /* Products */,
				CD5C2C74228C0BA35A19D1D2 /* Pods */,
				0DF5B3704C1664D48AD3A94A /* Frameworks */,
			);
			sourceTree = "<group>";
		};
		BA9AE25625FFF80A00B0D8BD /* Products */ = {
			isa = PBXGroup;
			children = (
				BA9AE25525FFF80A00B0D8BD /* Parstagram.app */,
				BA9AE26B25FFF80A00B0D8BD /* ParstagramTests.xctest */,
				BA9AE27625FFF80A00B0D8BD /* ParstagramUITests.xctest */,
			);
			name = Products;
			sourceTree = "<group>";
		};
		BA9AE25725FFF80A00B0D8BD /* Parstagram */ = {
			isa = PBXGroup;
			children = (
				BA9AE25825FFF80A00B0D8BD /* AppDelegate.swift */,
				BA9AE25A25FFF80A00B0D8BD /* SceneDelegate.swift */,
				BA9AE25E25FFF80A00B0D8BD /* Main.storyboard */,
				BA9AE26125FFF80A00B0D8BD /* Assets.xcassets */,
				BA9AE26325FFF80A00B0D8BD /* LaunchScreen.storyboard */,
				BA9AE26625FFF80A00B0D8BD /* Info.plist */,
				BAF995C625FFFC69009DB3D2 /* LoginViewController.swift */,
				BAF995CB25FFFC73009DB3D2 /* FeedViewController.swift */,
				BA91ECE026014583003A4697 /* CameraViewController.swift */,
				BA339B0626027ADC0008600C /* PostCell.swift */,
				BAFAD18D260BB1E5006BE486 /* CommentCell.swift */,
			);
			path = Parstagram;
			sourceTree = "<group>";
		};
		BA9AE26E25FFF80A00B0D8BD /* ParstagramTests */ = {
			isa = PBXGroup;
			children = (
				BA9AE26F25FFF80A00B0D8BD /* ParstagramTests.swift */,
				BA9AE27125FFF80A00B0D8BD /* Info.plist */,
			);
			path = ParstagramTests;
			sourceTree = "<group>";
		};
		BA9AE27925FFF80A00B0D8BD /* ParstagramUITests */ = {
			isa = PBXGroup;
			children = (
				BA9AE27A25FFF80A00B0D8BD /* ParstagramUITests.swift */,
				BA9AE27C25FFF80A00B0D8BD /* Info.plist */,
			);
			path = ParstagramUITests;
			sourceTree = "<group>";
		};
		CD5C2C74228C0BA35A19D1D2 /* Pods */ = {
			isa = PBXGroup;
			children = (
				337E04D478C621ECC34CBF06 /* Pods-Parstagram.debug.xcconfig */,
				1464E336A7493E203597EC69 /* Pods-Parstagram.release.xcconfig */,
				E3D2B1373B7C71DCB04B8204 /* Pods-Parstagram-ParstagramUITests.debug.xcconfig */,
				40971F546D73B7133B25218E /* Pods-Parstagram-ParstagramUITests.release.xcconfig */,
				6EF1F839F892A4E987FC0084 /* Pods-ParstagramTests.debug.xcconfig */,
				7E005D28C22775297392B20E /* Pods-ParstagramTests.release.xcconfig */,
			);
			path = Pods;
			sourceTree = "<group>";
		};
/* End PBXGroup section */

/* Begin PBXNativeTarget section */
		BA9AE25425FFF80A00B0D8BD /* Parstagram */ = {
			isa = PBXNativeTarget;
			buildConfigurationList = BA9AE27F25FFF80A00B0D8BD /* Build configuration list for PBXNativeTarget "Parstagram" */;
			buildPhases = (
				0B6337FA6CF2ED688506BA83 /* [CP] Check Pods Manifest.lock */,
				BA9AE25125FFF80A00B0D8BD /* Sources */,
				BA9AE25225FFF80A00B0D8BD /* Frameworks */,
				BA9AE25325FFF80A00B0D8BD /* Resources */,
				5BC44B8AFBB1ED7192719D26 /* [CP] Embed Pods Frameworks */,
			);
			buildRules = (
			);
			dependencies = (
			);
			name = Parstagram;
			productName = Parstagram;
			productReference = BA9AE25525FFF80A00B0D8BD /* Parstagram.app */;
			productType = "com.apple.product-type.application";
		};
		BA9AE26A25FFF80A00B0D8BD /* ParstagramTests */ = {
			isa = PBXNativeTarget;
			buildConfigurationList = BA9AE28225FFF80A00B0D8BD /* Build configuration list for PBXNativeTarget "ParstagramTests" */;
			buildPhases = (
				1BAE0F53FCB193B932AA4410 /* [CP] Check Pods Manifest.lock */,
				BA9AE26725FFF80A00B0D8BD /* Sources */,
				BA9AE26825FFF80A00B0D8BD /* Frameworks */,
				BA9AE26925FFF80A00B0D8BD /* Resources */,
			);
			buildRules = (
			);
			dependencies = (
				BA9AE26D25FFF80A00B0D8BD /* PBXTargetDependency */,
			);
			name = ParstagramTests;
			productName = ParstagramTests;
			productReference = BA9AE26B25FFF80A00B0D8BD /* ParstagramTests.xctest */;
			productType = "com.apple.product-type.bundle.unit-test";
		};
		BA9AE27525FFF80A00B0D8BD /* ParstagramUITests */ = {
			isa = PBXNativeTarget;
			buildConfigurationList = BA9AE28525FFF80A00B0D8BD /* Build configuration list for PBXNativeTarget "ParstagramUITests" */;
			buildPhases = (
				0A73EF7EB774AEE9B6BB64F4 /* [CP] Check Pods Manifest.lock */,
				BA9AE27225FFF80A00B0D8BD /* Sources */,
				BA9AE27325FFF80A00B0D8BD /* Frameworks */,
				BA9AE27425FFF80A00B0D8BD /* Resources */,
				7ECE02A4B7B28C1D32CC2D9A /* [CP] Embed Pods Frameworks */,
			);
			buildRules = (
			);
			dependencies = (
				BA9AE27825FFF80A00B0D8BD /* PBXTargetDependency */,
			);
			name = ParstagramUITests;
			productName = ParstagramUITests;
			productReference = BA9AE27625FFF80A00B0D8BD /* ParstagramUITests.xctest */;
			productType = "com.apple.product-type.bundle.ui-testing";
		};
/* End PBXNativeTarget section */

/* Begin PBXProject section */
		BA9AE24D25FFF80A00B0D8BD /* Project object */ = {
			isa = PBXProject;
			attributes = {
				LastSwiftUpdateCheck = 1240;
				LastUpgradeCheck = 1240;
				TargetAttributes = {
					BA9AE25425FFF80A00B0D8BD = {
						CreatedOnToolsVersion = 12.4;
					};
					BA9AE26A25FFF80A00B0D8BD = {
						CreatedOnToolsVersion = 12.4;
						TestTargetID = BA9AE25425FFF80A00B0D8BD;
					};
					BA9AE27525FFF80A00B0D8BD = {
						CreatedOnToolsVersion = 12.4;
						TestTargetID = BA9AE25425FFF80A00B0D8BD;
					};
				};
			};
			buildConfigurationList = BA9AE25025FFF80A00B0D8BD /* Build configuration list for PBXProject "Parstagram" */;
			compatibilityVersion = "Xcode 9.3";
			developmentRegion = en;
			hasScannedForEncodings = 0;
			knownRegions = (
				en,
				Base,
			);
			mainGroup = BA9AE24C25FFF80A00B0D8BD;
			productRefGroup = BA9AE25625FFF80A00B0D8BD /* Products */;
			projectDirPath = "";
			projectRoot = "";
			targets = (
				BA9AE25425FFF80A00B0D8BD /* Parstagram */,
				BA9AE26A25FFF80A00B0D8BD /* ParstagramTests */,
				BA9AE27525FFF80A00B0D8BD /* ParstagramUITests */,
			);
		};
/* End PBXProject section */

/* Begin PBXResourcesBuildPhase section */
		BA9AE25325FFF80A00B0D8BD /* Resources */ = {
			isa = PBXResourcesBuildPhase;
			buildActionMask = 2147483647;
			files = (
				BA9AE26525FFF80A00B0D8BD /* LaunchScreen.storyboard in Resources */,
				BA9AE26225FFF80A00B0D8BD /* Assets.xcassets in Resources */,
				BA9AE26025FFF80A00B0D8BD /* Main.storyboard in Resources */,
			);
			runOnlyForDeploymentPostprocessing = 0;
		};
		BA9AE26925FFF80A00B0D8BD /* Resources */ = {
			isa = PBXResourcesBuildPhase;
			buildActionMask = 2147483647;
			files = (
			);
			runOnlyForDeploymentPostprocessing = 0;
		};
		BA9AE27425FFF80A00B0D8BD /* Resources */ = {
			isa = PBXResourcesBuildPhase;
			buildActionMask = 2147483647;
			files = (
			);
			runOnlyForDeploymentPostprocessing = 0;
		};
/* End PBXResourcesBuildPhase section */

/* Begin PBXShellScriptBuildPhase section */
		0A73EF7EB774AEE9B6BB64F4 /* [CP] Check Pods Manifest.lock */ = {
			isa = PBXShellScriptBuildPhase;
			buildActionMask = 2147483647;
			files = (
			);
			inputFileListPaths = (
			);
			inputPaths = (
				"${PODS_PODFILE_DIR_PATH}/Podfile.lock",
				"${PODS_ROOT}/Manifest.lock",
			);
			name = "[CP] Check Pods Manifest.lock";
			outputFileListPaths = (
			);
			outputPaths = (
				"$(DERIVED_FILE_DIR)/Pods-Parstagram-ParstagramUITests-checkManifestLockResult.txt",
			);
			runOnlyForDeploymentPostprocessing = 0;
			shellPath = /bin/sh;
			shellScript = "diff \"${PODS_PODFILE_DIR_PATH}/Podfile.lock\" \"${PODS_ROOT}/Manifest.lock\" > /dev/null\nif [ $? != 0 ] ; then\n    # print error to STDERR\n    echo \"error: The sandbox is not in sync with the Podfile.lock. Run 'pod install' or update your CocoaPods installation.\" >&2\n    exit 1\nfi\n# This output is used by Xcode 'outputs' to avoid re-running this script phase.\necho \"SUCCESS\" > \"${SCRIPT_OUTPUT_FILE_0}\"\n";
			showEnvVarsInLog = 0;
		};
		0B6337FA6CF2ED688506BA83 /* [CP] Check Pods Manifest.lock */ = {
			isa = PBXShellScriptBuildPhase;
			buildActionMask = 2147483647;
			files = (
			);
			inputFileListPaths = (
			);
			inputPaths = (
				"${PODS_PODFILE_DIR_PATH}/Podfile.lock",
				"${PODS_ROOT}/Manifest.lock",
			);
			name = "[CP] Check Pods Manifest.lock";
			outputFileListPaths = (
			);
			outputPaths = (
				"$(DERIVED_FILE_DIR)/Pods-Parstagram-checkManifestLockResult.txt",
			);
			runOnlyForDeploymentPostprocessing = 0;
			shellPath = /bin/sh;
			shellScript = "diff \"${PODS_PODFILE_DIR_PATH}/Podfile.lock\" \"${PODS_ROOT}/Manifest.lock\" > /dev/null\nif [ $? != 0 ] ; then\n    # print error to STDERR\n    echo \"error: The sandbox is not in sync with the Podfile.lock. Run 'pod install' or update your CocoaPods installation.\" >&2\n    exit 1\nfi\n# This output is used by Xcode 'outputs' to avoid re-running this script phase.\necho \"SUCCESS\" > \"${SCRIPT_OUTPUT_FILE_0}\"\n";
			showEnvVarsInLog = 0;
		};
		1BAE0F53FCB193B932AA4410 /* [CP] Check Pods Manifest.lock */ = {
			isa = PBXShellScriptBuildPhase;
			buildActionMask = 2147483647;
			files = (
			);
			inputFileListPaths = (
			);
			inputPaths = (
				"${PODS_PODFILE_DIR_PATH}/Podfile.lock",
				"${PODS_ROOT}/Manifest.lock",
			);
			name = "[CP] Check Pods Manifest.lock";
			outputFileListPaths = (
			);
			outputPaths = (
				"$(DERIVED_FILE_DIR)/Pods-ParstagramTests-checkManifestLockResult.txt",
			);
			runOnlyForDeploymentPostprocessing = 0;
			shellPath = /bin/sh;
			shellScript = "diff \"${PODS_PODFILE_DIR_PATH}/Podfile.lock\" \"${PODS_ROOT}/Manifest.lock\" > /dev/null\nif [ $? != 0 ] ; then\n    # print error to STDERR\n    echo \"error: The sandbox is not in sync with the Podfile.lock. Run 'pod install' or update your CocoaPods installation.\" >&2\n    exit 1\nfi\n# This output is used by Xcode 'outputs' to avoid re-running this script phase.\necho \"SUCCESS\" > \"${SCRIPT_OUTPUT_FILE_0}\"\n";
			showEnvVarsInLog = 0;
		};
		5BC44B8AFBB1ED7192719D26 /* [CP] Embed Pods Frameworks */ = {
			isa = PBXShellScriptBuildPhase;
			buildActionMask = 2147483647;
			files = (
			);
			inputFileListPaths = (
				"${PODS_ROOT}/Target Support Files/Pods-Parstagram/Pods-Parstagram-frameworks-${CONFIGURATION}-input-files.xcfilelist",
			);
			name = "[CP] Embed Pods Frameworks";
			outputFileListPaths = (
				"${PODS_ROOT}/Target Support Files/Pods-Parstagram/Pods-Parstagram-frameworks-${CONFIGURATION}-output-files.xcfilelist",
			);
			runOnlyForDeploymentPostprocessing = 0;
			shellPath = /bin/sh;
			shellScript = "\"${PODS_ROOT}/Target Support Files/Pods-Parstagram/Pods-Parstagram-frameworks.sh\"\n";
			showEnvVarsInLog = 0;
		};
		7ECE02A4B7B28C1D32CC2D9A /* [CP] Embed Pods Frameworks */ = {
			isa = PBXShellScriptBuildPhase;
			buildActionMask = 2147483647;
			files = (
			);
			inputFileListPaths = (
				"${PODS_ROOT}/Target Support Files/Pods-Parstagram-ParstagramUITests/Pods-Parstagram-ParstagramUITests-frameworks-${CONFIGURATION}-input-files.xcfilelist",
			);
			name = "[CP] Embed Pods Frameworks";
			outputFileListPaths = (
				"${PODS_ROOT}/Target Support Files/Pods-Parstagram-ParstagramUITests/Pods-Parstagram-ParstagramUITests-frameworks-${CONFIGURATION}-output-files.xcfilelist",
			);
			runOnlyForDeploymentPostprocessing = 0;
			shellPath = /bin/sh;
			shellScript = "\"${PODS_ROOT}/Target Support Files/Pods-Parstagram-ParstagramUITests/Pods-Parstagram-ParstagramUITests-frameworks.sh\"\n";
			showEnvVarsInLog = 0;
		};
/* End PBXShellScriptBuildPhase section */

/* Begin PBXSourcesBuildPhase section */
		BA9AE25125FFF80A00B0D8BD /* Sources */ = {
			isa = PBXSourcesBuildPhase;
			buildActionMask = 2147483647;
			files = (
				BAF995C725FFFC69009DB3D2 /* LoginViewController.swift in Sources */,
				BA91ECE126014583003A4697 /* CameraViewController.swift in Sources */,
				BA9AE25925FFF80A00B0D8BD /* AppDelegate.swift in Sources */,
				BAF995CC25FFFC73009DB3D2 /* FeedViewController.swift in Sources */,
				BA9AE25B25FFF80A00B0D8BD /* SceneDelegate.swift in Sources */,
				BA339B0726027ADC0008600C /* PostCell.swift in Sources */,
				BAFAD18E260BB1E5006BE486 /* CommentCell.swift in Sources */,
			);
			runOnlyForDeploymentPostprocessing = 0;
		};
		BA9AE26725FFF80A00B0D8BD /* Sources */ = {
			isa = PBXSourcesBuildPhase;
			buildActionMask = 2147483647;
			files = (
				BA9AE27025FFF80A00B0D8BD /* ParstagramTests.swift in Sources */,
			);
			runOnlyForDeploymentPostprocessing = 0;
		};
		BA9AE27225FFF80A00B0D8BD /* Sources */ = {
			isa = PBXSourcesBuildPhase;
			buildActionMask = 2147483647;
			files = (
				BA9AE27B25FFF80A00B0D8BD /* ParstagramUITests.swift in Sources */,
			);
			runOnlyForDeploymentPostprocessing = 0;
		};
/* End PBXSourcesBuildPhase section */

/* Begin PBXTargetDependency section */
		BA9AE26D25FFF80A00B0D8BD /* PBXTargetDependency */ = {
			isa = PBXTargetDependency;
			target = BA9AE25425FFF80A00B0D8BD /* Parstagram */;
			targetProxy = BA9AE26C25FFF80A00B0D8BD /* PBXContainerItemProxy */;
		};
		BA9AE27825FFF80A00B0D8BD /* PBXTargetDependency */ = {
			isa = PBXTargetDependency;
			target = BA9AE25425FFF80A00B0D8BD /* Parstagram */;
			targetProxy = BA9AE27725FFF80A00B0D8BD /* PBXContainerItemProxy */;
		};
/* End PBXTargetDependency section */

/* Begin PBXVariantGroup section */
		BA9AE25E25FFF80A00B0D8BD /* Main.storyboard */ = {
			isa = PBXVariantGroup;
			children = (
				BA9AE25F25FFF80A00B0D8BD /* Base */,
			);
			name = Main.storyboard;
			sourceTree = "<group>";
		};
		BA9AE26325FFF80A00B0D8BD /* LaunchScreen.storyboard */ = {
			isa = PBXVariantGroup;
			children = (
				BA9AE26425FFF80A00B0D8BD /* Base */,
			);
			name = LaunchScreen.storyboard;
			sourceTree = "<group>";
		};
/* End PBXVariantGroup section */

/* Begin XCBuildConfiguration section */
		BA9AE27D25FFF80A00B0D8BD /* Debug */ = {
			isa = XCBuildConfiguration;
			buildSettings = {
				ALWAYS_SEARCH_USER_PATHS = NO;
				CLANG_ANALYZER_NONNULL = YES;
				CLANG_ANALYZER_NUMBER_OBJECT_CONVERSION = YES_AGGRESSIVE;
				CLANG_CXX_LANGUAGE_STANDARD = "gnu++14";
				CLANG_CXX_LIBRARY = "libc++";
				CLANG_ENABLE_MODULES = YES;
				CLANG_ENABLE_OBJC_ARC = YES;
				CLANG_ENABLE_OBJC_WEAK = YES;
				CLANG_WARN_BLOCK_CAPTURE_AUTORELEASING = YES;
				CLANG_WARN_BOOL_CONVERSION = YES;
				CLANG_WARN_COMMA = YES;
				CLANG_WARN_CONSTANT_CONVERSION = YES;
				CLANG_WARN_DEPRECATED_OBJC_IMPLEMENTATIONS = YES;
				CLANG_WARN_DIRECT_OBJC_ISA_USAGE = YES_ERROR;
				CLANG_WARN_DOCUMENTATION_COMMENTS = YES;
				CLANG_WARN_EMPTY_BODY = YES;
				CLANG_WARN_ENUM_CONVERSION = YES;
				CLANG_WARN_INFINITE_RECURSION = YES;
				CLANG_WARN_INT_CONVERSION = YES;
				CLANG_WARN_NON_LITERAL_NULL_CONVERSION = YES;
				CLANG_WARN_OBJC_IMPLICIT_RETAIN_SELF = YES;
				CLANG_WARN_OBJC_LITERAL_CONVERSION = YES;
				CLANG_WARN_OBJC_ROOT_CLASS = YES_ERROR;
				CLANG_WARN_QUOTED_INCLUDE_IN_FRAMEWORK_HEADER = YES;
				CLANG_WARN_RANGE_LOOP_ANALYSIS = YES;
				CLANG_WARN_STRICT_PROTOTYPES = YES;
				CLANG_WARN_SUSPICIOUS_MOVE = YES;
				CLANG_WARN_UNGUARDED_AVAILABILITY = YES_AGGRESSIVE;
				CLANG_WARN_UNREACHABLE_CODE = YES;
				CLANG_WARN__DUPLICATE_METHOD_MATCH = YES;
				COPY_PHASE_STRIP = NO;
				DEBUG_INFORMATION_FORMAT = dwarf;
				ENABLE_STRICT_OBJC_MSGSEND = YES;
				ENABLE_TESTABILITY = YES;
				GCC_C_LANGUAGE_STANDARD = gnu11;
				GCC_DYNAMIC_NO_PIC = NO;
				GCC_NO_COMMON_BLOCKS = YES;
				GCC_OPTIMIZATION_LEVEL = 0;
				GCC_PREPROCESSOR_DEFINITIONS = (
					"DEBUG=1",
					"$(inherited)",
				);
				GCC_WARN_64_TO_32_BIT_CONVERSION = YES;
				GCC_WARN_ABOUT_RETURN_TYPE = YES_ERROR;
				GCC_WARN_UNDECLARED_SELECTOR = YES;
				GCC_WARN_UNINITIALIZED_AUTOS = YES_AGGRESSIVE;
				GCC_WARN_UNUSED_FUNCTION = YES;
				GCC_WARN_UNUSED_VARIABLE = YES;
				IPHONEOS_DEPLOYMENT_TARGET = 14.4;
				MTL_ENABLE_DEBUG_INFO = INCLUDE_SOURCE;
				MTL_FAST_MATH = YES;
				ONLY_ACTIVE_ARCH = YES;
				SDKROOT = iphoneos;
				SWIFT_ACTIVE_COMPILATION_CONDITIONS = DEBUG;
				SWIFT_OPTIMIZATION_LEVEL = "-Onone";
			};
			name = Debug;
		};
		BA9AE27E25FFF80A00B0D8BD /* Release */ = {
			isa = XCBuildConfiguration;
			buildSettings = {
				ALWAYS_SEARCH_USER_PATHS = NO;
				CLANG_ANALYZER_NONNULL = YES;
				CLANG_ANALYZER_NUMBER_OBJECT_CONVERSION = YES_AGGRESSIVE;
				CLANG_CXX_LANGUAGE_STANDARD = "gnu++14";
				CLANG_CXX_LIBRARY = "libc++";
				CLANG_ENABLE_MODULES = YES;
				CLANG_ENABLE_OBJC_ARC = YES;
				CLANG_ENABLE_OBJC_WEAK = YES;
				CLANG_WARN_BLOCK_CAPTURE_AUTORELEASING = YES;
				CLANG_WARN_BOOL_CONVERSION = YES;
				CLANG_WARN_COMMA = YES;
				CLANG_WARN_CONSTANT_CONVERSION = YES;
				CLANG_WARN_DEPRECATED_OBJC_IMPLEMENTATIONS = YES;
				CLANG_WARN_DIRECT_OBJC_ISA_USAGE = YES_ERROR;
				CLANG_WARN_DOCUMENTATION_COMMENTS = YES;
				CLANG_WARN_EMPTY_BODY = YES;
				CLANG_WARN_ENUM_CONVERSION = YES;
				CLANG_WARN_INFINITE_RECURSION = YES;
				CLANG_WARN_INT_CONVERSION = YES;
				CLANG_WARN_NON_LITERAL_NULL_CONVERSION = YES;
				CLANG_WARN_OBJC_IMPLICIT_RETAIN_SELF = YES;
				CLANG_WARN_OBJC_LITERAL_CONVERSION = YES;
				CLANG_WARN_OBJC_ROOT_CLASS = YES_ERROR;
				CLANG_WARN_QUOTED_INCLUDE_IN_FRAMEWORK_HEADER = YES;
				CLANG_WARN_RANGE_LOOP_ANALYSIS = YES;
				CLANG_WARN_STRICT_PROTOTYPES = YES;
				CLANG_WARN_SUSPICIOUS_MOVE = YES;
				CLANG_WARN_UNGUARDED_AVAILABILITY = YES_AGGRESSIVE;
				CLANG_WARN_UNREACHABLE_CODE = YES;
				CLANG_WARN__DUPLICATE_METHOD_MATCH = YES;
				COPY_PHASE_STRIP = NO;
				DEBUG_INFORMATION_FORMAT = "dwarf-with-dsym";
				ENABLE_NS_ASSERTIONS = NO;
				ENABLE_STRICT_OBJC_MSGSEND = YES;
				GCC_C_LANGUAGE_STANDARD = gnu11;
				GCC_NO_COMMON_BLOCKS = YES;
				GCC_WARN_64_TO_32_BIT_CONVERSION = YES;
				GCC_WARN_ABOUT_RETURN_TYPE = YES_ERROR;
				GCC_WARN_UNDECLARED_SELECTOR = YES;
				GCC_WARN_UNINITIALIZED_AUTOS = YES_AGGRESSIVE;
				GCC_WARN_UNUSED_FUNCTION = YES;
				GCC_WARN_UNUSED_VARIABLE = YES;
				IPHONEOS_DEPLOYMENT_TARGET = 14.4;
				MTL_ENABLE_DEBUG_INFO = NO;
				MTL_FAST_MATH = YES;
				SDKROOT = iphoneos;
				SWIFT_COMPILATION_MODE = wholemodule;
				SWIFT_OPTIMIZATION_LEVEL = "-O";
				VALIDATE_PRODUCT = YES;
			};
			name = Release;
		};
		BA9AE28025FFF80A00B0D8BD /* Debug */ = {
			isa = XCBuildConfiguration;
			baseConfigurationReference = 337E04D478C621ECC34CBF06 /* Pods-Parstagram.debug.xcconfig */;
			buildSettings = {
				ASSETCATALOG_COMPILER_APPICON_NAME = AppIcon;
				ASSETCATALOG_COMPILER_GLOBAL_ACCENT_COLOR_NAME = AccentColor;
				CODE_SIGN_STYLE = Automatic;
				DEVELOPMENT_TEAM = U74F7SD5GJ;
				INFOPLIST_FILE = Parstagram/Info.plist;
				LD_RUNPATH_SEARCH_PATHS = (
					"$(inherited)",
					"@executable_path/Frameworks",
				);
				PRODUCT_BUNDLE_IDENTIFIER = "Henry-Nguyen.Parstagram";
				PRODUCT_NAME = "$(TARGET_NAME)";
				SWIFT_VERSION = 5.0;
				TARGETED_DEVICE_FAMILY = "1,2";
			};
			name = Debug;
		};
		BA9AE28125FFF80A00B0D8BD /* Release */ = {
			isa = XCBuildConfiguration;
			baseConfigurationReference = 1464E336A7493E203597EC69 /* Pods-Parstagram.release.xcconfig */;
			buildSettings = {
				ASSETCATALOG_COMPILER_APPICON_NAME = AppIcon;
				ASSETCATALOG_COMPILER_GLOBAL_ACCENT_COLOR_NAME = AccentColor;
				CODE_SIGN_STYLE = Automatic;
				DEVELOPMENT_TEAM = U74F7SD5GJ;
				INFOPLIST_FILE = Parstagram/Info.plist;
				LD_RUNPATH_SEARCH_PATHS = (
					"$(inherited)",
					"@executable_path/Frameworks",
				);
				PRODUCT_BUNDLE_IDENTIFIER = "Henry-Nguyen.Parstagram";
				PRODUCT_NAME = "$(TARGET_NAME)";
				SWIFT_VERSION = 5.0;
				TARGETED_DEVICE_FAMILY = "1,2";
			};
			name = Release;
		};
		BA9AE28325FFF80A00B0D8BD /* Debug */ = {
			isa = XCBuildConfiguration;
			baseConfigurationReference = 6EF1F839F892A4E987FC0084 /* Pods-ParstagramTests.debug.xcconfig */;
			buildSettings = {
				ALWAYS_EMBED_SWIFT_STANDARD_LIBRARIES = YES;
				BUNDLE_LOADER = "$(TEST_HOST)";
				CODE_SIGN_STYLE = Automatic;
				DEVELOPMENT_TEAM = U74F7SD5GJ;
				INFOPLIST_FILE = ParstagramTests/Info.plist;
				IPHONEOS_DEPLOYMENT_TARGET = 14.4;
				LD_RUNPATH_SEARCH_PATHS = (
					"$(inherited)",
					"@executable_path/Frameworks",
					"@loader_path/Frameworks",
				);
				PRODUCT_BUNDLE_IDENTIFIER = "Henry-Nguyen.ParstagramTests";
				PRODUCT_NAME = "$(TARGET_NAME)";
				SWIFT_VERSION = 5.0;
				TARGETED_DEVICE_FAMILY = "1,2";
				TEST_HOST = "$(BUILT_PRODUCTS_DIR)/Parstagram.app/Parstagram";
			};
			name = Debug;
		};
		BA9AE28425FFF80A00B0D8BD /* Release */ = {
			isa = XCBuildConfiguration;
			baseConfigurationReference = 7E005D28C22775297392B20E /* Pods-ParstagramTests.release.xcconfig */;
			buildSettings = {
				ALWAYS_EMBED_SWIFT_STANDARD_LIBRARIES = YES;
				BUNDLE_LOADER = "$(TEST_HOST)";
				CODE_SIGN_STYLE = Automatic;
				DEVELOPMENT_TEAM = U74F7SD5GJ;
				INFOPLIST_FILE = ParstagramTests/Info.plist;
				IPHONEOS_DEPLOYMENT_TARGET = 14.4;
				LD_RUNPATH_SEARCH_PATHS = (
					"$(inherited)",
					"@executable_path/Frameworks",
					"@loader_path/Frameworks",
				);
				PRODUCT_BUNDLE_IDENTIFIER = "Henry-Nguyen.ParstagramTests";
				PRODUCT_NAME = "$(TARGET_NAME)";
				SWIFT_VERSION = 5.0;
				TARGETED_DEVICE_FAMILY = "1,2";
				TEST_HOST = "$(BUILT_PRODUCTS_DIR)/Parstagram.app/Parstagram";
			};
			name = Release;
		};
		BA9AE28625FFF80A00B0D8BD /* Debug */ = {
			isa = XCBuildConfiguration;
			baseConfigurationReference = E3D2B1373B7C71DCB04B8204 /* Pods-Parstagram-ParstagramUITests.debug.xcconfig */;
			buildSettings = {
				ALWAYS_EMBED_SWIFT_STANDARD_LIBRARIES = YES;
				CODE_SIGN_STYLE = Automatic;
				DEVELOPMENT_TEAM = U74F7SD5GJ;
				INFOPLIST_FILE = ParstagramUITests/Info.plist;
				LD_RUNPATH_SEARCH_PATHS = (
					"$(inherited)",
					"@executable_path/Frameworks",
					"@loader_path/Frameworks",
				);
				PRODUCT_BUNDLE_IDENTIFIER = "Henry-Nguyen.ParstagramUITests";
				PRODUCT_NAME = "$(TARGET_NAME)";
				SWIFT_VERSION = 5.0;
				TARGETED_DEVICE_FAMILY = "1,2";
				TEST_TARGET_NAME = Parstagram;
			};
			name = Debug;
		};
		BA9AE28725FFF80A00B0D8BD /* Release */ = {
			isa = XCBuildConfiguration;
			baseConfigurationReference = 40971F546D73B7133B25218E /* Pods-Parstagram-ParstagramUITests.release.xcconfig */;
			buildSettings = {
				ALWAYS_EMBED_SWIFT_STANDARD_LIBRARIES = YES;
				CODE_SIGN_STYLE = Automatic;
				DEVELOPMENT_TEAM = U74F7SD5GJ;
				INFOPLIST_FILE = ParstagramUITests/Info.plist;
				LD_RUNPATH_SEARCH_PATHS = (
					"$(inherited)",
					"@executable_path/Frameworks",
					"@loader_path/Frameworks",
				);
				PRODUCT_BUNDLE_IDENTIFIER = "Henry-Nguyen.ParstagramUITests";
				PRODUCT_NAME = "$(TARGET_NAME)";
				SWIFT_VERSION = 5.0;
				TARGETED_DEVICE_FAMILY = "1,2";
				TEST_TARGET_NAME = Parstagram;
			};
			name = Release;
		};
/* End XCBuildConfiguration section */

/* Begin XCConfigurationList section */
		BA9AE25025FFF80A00B0D8BD /* Build configuration list for PBXProject "Parstagram" */ = {
			isa = XCConfigurationList;
			buildConfigurations = (
				BA9AE27D25FFF80A00B0D8BD /* Debug */,
				BA9AE27E25FFF80A00B0D8BD /* Release */,
			);
			defaultConfigurationIsVisible = 0;
			defaultConfigurationName = Release;
		};
		BA9AE27F25FFF80A00B0D8BD /* Build configuration list for PBXNativeTarget "Parstagram" */ = {
			isa = XCConfigurationList;
			buildConfigurations = (
				BA9AE28025FFF80A00B0D8BD /* Debug */,
				BA9AE28125FFF80A00B0D8BD /* Release */,
			);
			defaultConfigurationIsVisible = 0;
			defaultConfigurationName = Release;
		};
		BA9AE28225FFF80A00B0D8BD /* Build configuration list for PBXNativeTarget "ParstagramTests" */ = {
			isa = XCConfigurationList;
			buildConfigurations = (
				BA9AE28325FFF80A00B0D8BD /* Debug */,
				BA9AE28425FFF80A00B0D8BD /* Release */,
			);
			defaultConfigurationIsVisible = 0;
			defaultConfigurationName = Release;
		};
		BA9AE28525FFF80A00B0D8BD /* Build configuration list for PBXNativeTarget "ParstagramUITests" */ = {
			isa = XCConfigurationList;
			buildConfigurations = (
				BA9AE28625FFF80A00B0D8BD /* Debug */,
				BA9AE28725FFF80A00B0D8BD /* Release */,
			);
			defaultConfigurationIsVisible = 0;
			defaultConfigurationName = Release;
		};
/* End XCConfigurationList section */
	};
	rootObject = BA9AE24D25FFF80A00B0D8BD /* Project object */;
}
